{
  "version": 4,
  "terraform_version": "1.14.7",
  "serial": 3,
  "lineage": "948db7dc-c6ef-c8f1-5e27-c699fa6f6dd0",
  "outputs": {},
  "resources": [
    {
      "mode": "managed",
      "type": "azurerm_resource_group",
      "name": "rg-honey",
      "provider": "provider[\"registry.terraform.io/hashicorp/azurerm\"]",
      "instances": [
        {
          "index_key": "rg1",
          "schema_version": 0,
          "attributes": {
            "id": "/subscriptions/bdb89ac3-e42b-4f59-993e-7dde7e60d4e0/resourceGroups/yoyo1",
            "location": "westus",
            "managed_by": "",
            "name": "yoyo1",
            "tags": null,
            "timeouts": null
          },
          "sensitive_attributes": [],
          "identity_schema_version": 0,
          "identity": {
            "name": "yoyo1",
            "subscription_id": "bdb89ac3-e42b-4f59-993e-7dde7e60d4e0"
          },
          "private": "eyJlMmJmYjczMC1lY2FhLTExZTYtOGY4OC0zNDM2M2JjN2M0YzAiOnsiY3JlYXRlIjo1NDAwMDAwMDAwMDAwLCJkZWxldGUiOjU0MDAwMDAwMDAwMDAsInJlYWQiOjMwMDAwMDAwMDAwMCwidXBkYXRlIjo1NDAwMDAwMDAwMDAwfX0="
        },
        {
          "index_key": "rg2",
          "schema_version": 0,
          "attributes": {
            "id": "/subscriptions/bdb89ac3-e42b-4f59-993e-7dde7e60d4e0/resourceGroups/yoyo2",
            "location": "eastus",
            "managed_by": "",
            "name": "yoyo2",
            "tags": null,
            "timeouts": null
          },
          "sensitive_attributes": [],
          "identity_schema_version": 0,
          "identity": {
            "name": "yoyo2",
            "subscription_id": "bdb89ac3-e42b-4f59-993e-7dde7e60d4e0"
          },
          "private": "eyJlMmJmYjczMC1lY2FhLTExZTYtOGY4OC0zNDM2M2JjN2M0YzAiOnsiY3JlYXRlIjo1NDAwMDAwMDAwMDAwLCJkZWxldGUiOjU0MDAwMDAwMDAwMDAsInJlYWQiOjMwMDAwMDAwMDAwMCwidXBkYXRlIjo1NDAwMDAwMDAwMDAwfX0="
        }
      ]
    }
  ],
  "check_results": null
}
